<Solution>
  <Folder Name="/src/">
    <Project Path="src/Ikiastrro.Cli/Ikiastrro.Cli.csproj" />
    <Project Path="src/Ikiastrro.Core/Ikiastrro.Core.csproj" />
    <Project Path="src/Ikiastrro.Data/Ikiastrro.Data.csproj" />
    <Project Path="src/Ikiastrro.Web/Ikiastrro.Web.csproj" />
  </Folder>
</Solution>
